
Microsoft Visual Studio Solution File, Format Version 12.00
# Visual Studio 2017
Project("{FAE04EC0-301F-11D3-BF4B-00C04F79EFBC}") = "Halloween Sound Game.Plugins", "Halloween Sound Game.Plugins.csproj", "{B7CD3EF3-E551-0015-93BE-2C2908E28FF9}"
EndProject
Project("{FAE04EC0-301F-11D3-BF4B-00C04F79EFBC}") = "Halloween Sound Game", "Halloween Sound Game.csproj", "{CC22446F-A2F3-D135-BFC6-F708AAF1F7F1}"
EndProject
Project("{FAE04EC0-301F-11D3-BF4B-00C04F79EFBC}") = "Halloween Sound Game.Editor.Plugins", "Halloween Sound Game.Editor.Plugins.csproj", "{6A369F28-BD38-6E55-7C06-D004672A52DB}"
EndProject
Project("{FAE04EC0-301F-11D3-BF4B-00C04F79EFBC}") = "Halloween Sound Game.Editor", "Halloween Sound Game.Editor.csproj", "{CD22A0C2-59D3-0774-3D09-10A8D09B08C0}"
EndProject
Global
	GlobalSection(SolutionConfigurationPlatforms) = preSolution
		Debug|Any CPU = Debug|Any CPU
		Release|Any CPU = Release|Any CPU
	EndGlobalSection
	GlobalSection(ProjectConfigurationPlatforms) = postSolution
		{B7CD3EF3-E551-0015-93BE-2C2908E28FF9}.Debug|Any CPU.ActiveCfg = Debug|Any CPU
		{B7CD3EF3-E551-0015-93BE-2C2908E28FF9}.Debug|Any CPU.Build.0 = Debug|Any CPU
		{B7CD3EF3-E551-0015-93BE-2C2908E28FF9}.Release|Any CPU.ActiveCfg = Release|Any CPU
		{B7CD3EF3-E551-0015-93BE-2C2908E28FF9}.Release|Any CPU.Build.0 = Release|Any CPU
		{CC22446F-A2F3-D135-BFC6-F708AAF1F7F1}.Debug|Any CPU.ActiveCfg = Debug|Any CPU
		{CC22446F-A2F3-D135-BFC6-F708AAF1F7F1}.Debug|Any CPU.Build.0 = Debug|Any CPU
		{CC22446F-A2F3-D135-BFC6-F708AAF1F7F1}.Release|Any CPU.ActiveCfg = Release|Any CPU
		{CC22446F-A2F3-D135-BFC6-F708AAF1F7F1}.Release|Any CPU.Build.0 = Release|Any CPU
		{6A369F28-BD38-6E55-7C06-D004672A52DB}.Debug|Any CPU.ActiveCfg = Debug|Any CPU
		{6A369F28-BD38-6E55-7C06-D004672A52DB}.Debug|Any CPU.Build.0 = Debug|Any CPU
		{6A369F28-BD38-6E55-7C06-D004672A52DB}.Release|Any CPU.ActiveCfg = Release|Any CPU
		{6A369F28-BD38-6E55-7C06-D004672A52DB}.Release|Any CPU.Build.0 = Release|Any CPU
		{CD22A0C2-59D3-0774-3D09-10A8D09B08C0}.Debug|Any CPU.ActiveCfg = Debug|Any CPU
		{CD22A0C2-59D3-0774-3D09-10A8D09B08C0}.Debug|Any CPU.Build.0 = Debug|Any CPU
		{CD22A0C2-59D3-0774-3D09-10A8D09B08C0}.Release|Any CPU.ActiveCfg = Release|Any CPU
		{CD22A0C2-59D3-0774-3D09-10A8D09B08C0}.Release|Any CPU.Build.0 = Release|Any CPU
	EndGlobalSection
	GlobalSection(SolutionProperties) = preSolution
		HideSolutionNode = FALSE
	EndGlobalSection
EndGlobal
