
Microsoft Visual Studio Solution File, Format Version 12.00
# Visual Studio 2015
Project("{FAE04EC0-301F-11D3-BF4B-00C04F79EFBC}") = "Halloween Sound Game.CSharp", "Halloween Sound Game.CSharp.csproj", "{6E7142E9-7352-F1AD-B950-7E5B60C239F5}"
EndProject
Project("{FAE04EC0-301F-11D3-BF4B-00C04F79EFBC}") = "Halloween Sound Game.CSharp.Editor", "Halloween Sound Game.CSharp.Editor.csproj", "{BC9E37CE-4972-4881-4510-363B20E9A603}"
EndProject
Global
	GlobalSection(SolutionConfigurationPlatforms) = preSolution
		Debug|Any CPU = Debug|Any CPU
		Release|Any CPU = Release|Any CPU
	EndGlobalSection
	GlobalSection(ProjectConfigurationPlatforms) = postSolution
		{6E7142E9-7352-F1AD-B950-7E5B60C239F5}.Debug|Any CPU.ActiveCfg = Debug|Any CPU
		{6E7142E9-7352-F1AD-B950-7E5B60C239F5}.Debug|Any CPU.Build.0 = Debug|Any CPU
		{6E7142E9-7352-F1AD-B950-7E5B60C239F5}.Release|Any CPU.ActiveCfg = Release|Any CPU
		{6E7142E9-7352-F1AD-B950-7E5B60C239F5}.Release|Any CPU.Build.0 = Release|Any CPU
		{BC9E37CE-4972-4881-4510-363B20E9A603}.Debug|Any CPU.ActiveCfg = Debug|Any CPU
		{BC9E37CE-4972-4881-4510-363B20E9A603}.Debug|Any CPU.Build.0 = Debug|Any CPU
		{BC9E37CE-4972-4881-4510-363B20E9A603}.Release|Any CPU.ActiveCfg = Release|Any CPU
		{BC9E37CE-4972-4881-4510-363B20E9A603}.Release|Any CPU.Build.0 = Release|Any CPU
	EndGlobalSection
	GlobalSection(SolutionProperties) = preSolution
		HideSolutionNode = FALSE
	EndGlobalSection
EndGlobal
